
Microsoft Visual Studio Solution File, Format Version 12.00
# Visual Studio Version 17
VisualStudioVersion = 17.11.35303.130
MinimumVisualStudioVersion = 10.0.40219.1
Project("{8BC9CEB8-8B4A-11D0-8D11-00A0C91BC942}") = "Project1", "Project1\Project1.vcxproj", "{C0989623-30C0-4CCB-B856-579CE8B2622A}"
EndProject
Global
	GlobalSection(SolutionConfigurationPlatforms) = preSolution
		Debug|x64 = Debug|x64
		Debug|x86 = Debug|x86
		Release|x64 = Release|x64
		Release|x86 = Release|x86
	EndGlobalSection
	GlobalSection(ProjectConfigurationPlatforms) = postSolution
		{C0989623-30C0-4CCB-B856-579CE8B2622A}.Debug|x64.ActiveCfg = Debug|x64
		{C0989623-30C0-4CCB-B856-579CE8B2622A}.Debug|x64.Build.0 = Debug|x64
		{C0989623-30C0-4CCB-B856-579CE8B2622A}.Debug|x86.ActiveCfg = Debug|Win32
		{C0989623-30C0-4CCB-B856-579CE8B2622A}.Debug|x86.Build.0 = Debug|Win32
		{C0989623-30C0-4CCB-B856-579CE8B2622A}.Release|x64.ActiveCfg = Release|x64
		{C0989623-30C0-4CCB-B856-579CE8B2622A}.Release|x64.Build.0 = Release|x64
		{C0989623-30C0-4CCB-B856-579CE8B2622A}.Release|x86.ActiveCfg = Release|Win32
		{C0989623-30C0-4CCB-B856-579CE8B2622A}.Release|x86.Build.0 = Release|Win32
	EndGlobalSection
	GlobalSection(SolutionProperties) = preSolution
		HideSolutionNode = FALSE
	EndGlobalSection
	GlobalSection(ExtensibilityGlobals) = postSolution
		SolutionGuid = {A79DD4B4-2B8D-4DAE-B650-4703D73931A3}
	EndGlobalSection
EndGlobal
